
Microsoft Visual Studio Solution File, Format Version 12.00
# Visual Studio Version 17
VisualStudioVersion = 17.5.002.0
MinimumVisualStudioVersion = 10.0.40219.1
Project("{2150E333-8FDC-42A3-9474-1A3956D46DE8}") = "csharp-prep", "csharp-prep", "{5703CF24-ECE6-4D45-9AE1-2447073CC2DF}"
EndProject
Project("{9A19103F-16F7-4668-BE54-9A1E7A4F7556}") = "Prep1", "csharp-prep\Prep1\Prep1.csproj", "{3C0A582C-7A1D-411B-B76C-7DC264D44311}"
EndProject
Project("{9A19103F-16F7-4668-BE54-9A1E7A4F7556}") = "Prep2", "csharp-prep\Prep2\Prep2.csproj", "{625793E3-0829-4350-BA7E-9929583B24D0}"
EndProject
Project("{9A19103F-16F7-4668-BE54-9A1E7A4F7556}") = "Prep3", "csharp-prep\Prep3\Prep3.csproj", "{1DFE6BB0-ABB9-4D48-BEC1-02451DA8FD11}"
EndProject
Project("{9A19103F-16F7-4668-BE54-9A1E7A4F7556}") = "Prep4", "csharp-prep\Prep4\Prep4.csproj", "{37D6BED8-E191-4020-BC9D-FB3C2CAFF965}"
EndProject
Project("{9A19103F-16F7-4668-BE54-9A1E7A4F7556}") = "Prep5", "csharp-prep\Prep5\Prep5.csproj", "{BFA2EF53-909C-4AD8-9AD5-B2D66C3CB923}"
EndProject
Project("{2150E333-8FDC-42A3-9474-1A3956D46DE8}") = "final", "final", "{FF776DE7-CCF9-42C4-82EB-D9C78A00F63A}"
EndProject
Project("{9A19103F-16F7-4668-BE54-9A1E7A4F7556}") = "FinalProject", "final\FinalProject\FinalProject.csproj", "{B9809613-41C6-4AD2-8F5C-A87B7BF0056D}"
EndProject
Project("{9A19103F-16F7-4668-BE54-9A1E7A4F7556}") = "Foundation1", "final\Foundation1\Foundation1.csproj", "{2D8AEB65-879A-4C6B-8ABA-5447F5F95A0D}"
EndProject
Project("{9A19103F-16F7-4668-BE54-9A1E7A4F7556}") = "Foundation2", "final\Foundation2\Foundation2.csproj", "{E82CB15C-41F9-49C5-A4F6-661009FB1BFF}"
EndProject
Project("{9A19103F-16F7-4668-BE54-9A1E7A4F7556}") = "Foundation3", "final\Foundation3\Foundation3.csproj", "{24E723EA-E088-4D77-AB9A-63593EB7D861}"
EndProject
Project("{9A19103F-16F7-4668-BE54-9A1E7A4F7556}") = "Foundation4", "final\Foundation4\Foundation4.csproj", "{C22791F3-25B5-411D-8837-7AFB7D349119}"
EndProject
Project("{2150E333-8FDC-42A3-9474-1A3956D46DE8}") = "prepare", "prepare", "{02E97579-2896-4EF0-A4D1-74B7A7D28F37}"
EndProject
Project("{9A19103F-16F7-4668-BE54-9A1E7A4F7556}") = "Learning02", "prepare\Learning02\Learning02.csproj", "{7191F1C0-950F-4664-AA38-CE035AEF2AE6}"
EndProject
Project("{9A19103F-16F7-4668-BE54-9A1E7A4F7556}") = "Learning03", "prepare\Learning03\Learning03.csproj", "{415AAF61-423C-4500-AA14-B28AEB886616}"
EndProject
Project("{9A19103F-16F7-4668-BE54-9A1E7A4F7556}") = "Learning04", "prepare\Learning04\Learning04.csproj", "{86490882-B4C1-4756-8054-FFF6630A63F7}"
EndProject
Project("{9A19103F-16F7-4668-BE54-9A1E7A4F7556}") = "Learning05", "prepare\Learning05\Learning05.csproj", "{7D2F1FAA-6961-4B5E-AA21-1CCE4A888433}"
EndProject
Project("{2150E333-8FDC-42A3-9474-1A3956D46DE8}") = "prove", "prove", "{0F4AED38-D1A5-4F6F-BAD6-8B7928D85D2B}"
EndProject
Project("{9A19103F-16F7-4668-BE54-9A1E7A4F7556}") = "Develop02", "prove\Develop02\Develop02.csproj", "{9CE02554-0197-45BC-B27C-504F95ADADC0}"
EndProject
Project("{9A19103F-16F7-4668-BE54-9A1E7A4F7556}") = "Develop03", "prove\Develop03\Develop03.csproj", "{A4036CCF-F8C8-4A48-877B-1272F4D3D226}"
EndProject
Project("{9A19103F-16F7-4668-BE54-9A1E7A4F7556}") = "Develop04", "prove\Develop04\Develop04.csproj", "{7A0313B4-E0D5-4544-9E4F-3F88762B4655}"
EndProject
Project("{9A19103F-16F7-4668-BE54-9A1E7A4F7556}") = "Develop05", "prove\Develop05\Develop05.csproj", "{29721F37-0A6E-4CE8-A3B2-9C7056C498C2}"
EndProject
Project("{2150E333-8FDC-42A3-9474-1A3956D46DE8}") = "sandbox", "sandbox", "{815FF351-8E50-45BD-857D-31F71A30C8E8}"
EndProject
Project("{9A19103F-16F7-4668-BE54-9A1E7A4F7556}") = "Sandbox", "sandbox\Sandbox\Sandbox.csproj", "{B22CE904-5862-4510-9577-BE59944A41E7}"
EndProject
Global
	GlobalSection(SolutionConfigurationPlatforms) = preSolution
		Debug|Any CPU = Debug|Any CPU
		Release|Any CPU = Release|Any CPU
	EndGlobalSection
	GlobalSection(ProjectConfigurationPlatforms) = postSolution
		{3C0A582C-7A1D-411B-B76C-7DC264D44311}.Debug|Any CPU.ActiveCfg = Debug|Any CPU
		{3C0A582C-7A1D-411B-B76C-7DC264D44311}.Debug|Any CPU.Build.0 = Debug|Any CPU
		{3C0A582C-7A1D-411B-B76C-7DC264D44311}.Release|Any CPU.ActiveCfg = Release|Any CPU
		{3C0A582C-7A1D-411B-B76C-7DC264D44311}.Release|Any CPU.Build.0 = Release|Any CPU
		{625793E3-0829-4350-BA7E-9929583B24D0}.Debug|Any CPU.ActiveCfg = Debug|Any CPU
		{625793E3-0829-4350-BA7E-9929583B24D0}.Debug|Any CPU.Build.0 = Debug|Any CPU
		{625793E3-0829-4350-BA7E-9929583B24D0}.Release|Any CPU.ActiveCfg = Release|Any CPU
		{625793E3-0829-4350-BA7E-9929583B24D0}.Release|Any CPU.Build.0 = Release|Any CPU
		{1DFE6BB0-ABB9-4D48-BEC1-02451DA8FD11}.Debug|Any CPU.ActiveCfg = Debug|Any CPU
		{1DFE6BB0-ABB9-4D48-BEC1-02451DA8FD11}.Debug|Any CPU.Build.0 = Debug|Any CPU
		{1DFE6BB0-ABB9-4D48-BEC1-02451DA8FD11}.Release|Any CPU.ActiveCfg = Release|Any CPU
		{1DFE6BB0-ABB9-4D48-BEC1-02451DA8FD11}.Release|Any CPU.Build.0 = Release|Any CPU
		{37D6BED8-E191-4020-BC9D-FB3C2CAFF965}.Debug|Any CPU.ActiveCfg = Debug|Any CPU
		{37D6BED8-E191-4020-BC9D-FB3C2CAFF965}.Debug|Any CPU.Build.0 = Debug|Any CPU
		{37D6BED8-E191-4020-BC9D-FB3C2CAFF965}.Release|Any CPU.ActiveCfg = Release|Any CPU
		{37D6BED8-E191-4020-BC9D-FB3C2CAFF965}.Release|Any CPU.Build.0 = Release|Any CPU
		{BFA2EF53-909C-4AD8-9AD5-B2D66C3CB923}.Debug|Any CPU.ActiveCfg = Debug|Any CPU
		{BFA2EF53-909C-4AD8-9AD5-B2D66C3CB923}.Debug|Any CPU.Build.0 = Debug|Any CPU
		{BFA2EF53-909C-4AD8-9AD5-B2D66C3CB923}.Release|Any CPU.ActiveCfg = Release|Any CPU
		{BFA2EF53-909C-4AD8-9AD5-B2D66C3CB923}.Release|Any CPU.Build.0 = Release|Any CPU
		{B9809613-41C6-4AD2-8F5C-A87B7BF0056D}.Debug|Any CPU.ActiveCfg = Debug|Any CPU
		{B9809613-41C6-4AD2-8F5C-A87B7BF0056D}.Debug|Any CPU.Build.0 = Debug|Any CPU
		{B9809613-41C6-4AD2-8F5C-A87B7BF0056D}.Release|Any CPU.ActiveCfg = Release|Any CPU
		{B9809613-41C6-4AD2-8F5C-A87B7BF0056D}.Release|Any CPU.Build.0 = Release|Any CPU
		{2D8AEB65-879A-4C6B-8ABA-5447F5F95A0D}.Debug|Any CPU.ActiveCfg = Debug|Any CPU
		{2D8AEB65-879A-4C6B-8ABA-5447F5F95A0D}.Debug|Any CPU.Build.0 = Debug|Any CPU
		{2D8AEB65-879A-4C6B-8ABA-5447F5F95A0D}.Release|Any CPU.ActiveCfg = Release|Any CPU
		{2D8AEB65-879A-4C6B-8ABA-5447F5F95A0D}.Release|Any CPU.Build.0 = Release|Any CPU
		{E82CB15C-41F9-49C5-A4F6-661009FB1BFF}.Debug|Any CPU.ActiveCfg = Debug|Any CPU
		{E82CB15C-41F9-49C5-A4F6-661009FB1BFF}.Debug|Any CPU.Build.0 = Debug|Any CPU
		{E82CB15C-41F9-49C5-A4F6-661009FB1BFF}.Release|Any CPU.ActiveCfg = Release|Any CPU
		{E82CB15C-41F9-49C5-A4F6-661009FB1BFF}.Release|Any CPU.Build.0 = Release|Any CPU
		{24E723EA-E088-4D77-AB9A-63593EB7D861}.Debug|Any CPU.ActiveCfg = Debug|Any CPU
		{24E723EA-E088-4D77-AB9A-63593EB7D861}.Debug|Any CPU.Build.0 = Debug|Any CPU
		{24E723EA-E088-4D77-AB9A-63593EB7D861}.Release|Any CPU.ActiveCfg = Release|Any CPU
		{24E723EA-E088-4D77-AB9A-63593EB7D861}.Release|Any CPU.Build.0 = Release|Any CPU
		{C22791F3-25B5-411D-8837-7AFB7D349119}.Debug|Any CPU.ActiveCfg = Debug|Any CPU
		{C22791F3-25B5-411D-8837-7AFB7D349119}.Debug|Any CPU.Build.0 = Debug|Any CPU
		{C22791F3-25B5-411D-8837-7AFB7D349119}.Release|Any CPU.ActiveCfg = Release|Any CPU
		{C22791F3-25B5-411D-8837-7AFB7D349119}.Release|Any CPU.Build.0 = Release|Any CPU
		{7191F1C0-950F-4664-AA38-CE035AEF2AE6}.Debug|Any CPU.ActiveCfg = Debug|Any CPU
		{7191F1C0-950F-4664-AA38-CE035AEF2AE6}.Debug|Any CPU.Build.0 = Debug|Any CPU
		{7191F1C0-950F-4664-AA38-CE035AEF2AE6}.Release|Any CPU.ActiveCfg = Release|Any CPU
		{7191F1C0-950F-4664-AA38-CE035AEF2AE6}.Release|Any CPU.Build.0 = Release|Any CPU
		{415AAF61-423C-4500-AA14-B28AEB886616}.Debug|Any CPU.ActiveCfg = Debug|Any CPU
		{415AAF61-423C-4500-AA14-B28AEB886616}.Debug|Any CPU.Build.0 = Debug|Any CPU
		{415AAF61-423C-4500-AA14-B28AEB886616}.Release|Any CPU.ActiveCfg = Release|Any CPU
		{415AAF61-423C-4500-AA14-B28AEB886616}.Release|Any CPU.Build.0 = Release|Any CPU
		{86490882-B4C1-4756-8054-FFF6630A63F7}.Debug|Any CPU.ActiveCfg = Debug|Any CPU
		{86490882-B4C1-4756-8054-FFF6630A63F7}.Debug|Any CPU.Build.0 = Debug|Any CPU
		{86490882-B4C1-4756-8054-FFF6630A63F7}.Release|Any CPU.ActiveCfg = Release|Any CPU
		{86490882-B4C1-4756-8054-FFF6630A63F7}.Release|Any CPU.Build.0 = Release|Any CPU
		{7D2F1FAA-6961-4B5E-AA21-1CCE4A888433}.Debug|Any CPU.ActiveCfg = Debug|Any CPU
		{7D2F1FAA-6961-4B5E-AA21-1CCE4A888433}.Debug|Any CPU.Build.0 = Debug|Any CPU
		{7D2F1FAA-6961-4B5E-AA21-1CCE4A888433}.Release|Any CPU.ActiveCfg = Release|Any CPU
		{7D2F1FAA-6961-4B5E-AA21-1CCE4A888433}.Release|Any CPU.Build.0 = Release|Any CPU
		{9CE02554-0197-45BC-B27C-504F95ADADC0}.Debug|Any CPU.ActiveCfg = Debug|Any CPU
		{9CE02554-0197-45BC-B27C-504F95ADADC0}.Debug|Any CPU.Build.0 = Debug|Any CPU
		{9CE02554-0197-45BC-B27C-504F95ADADC0}.Release|Any CPU.ActiveCfg = Release|Any CPU
		{9CE02554-0197-45BC-B27C-504F95ADADC0}.Release|Any CPU.Build.0 = Release|Any CPU
		{A4036CCF-F8C8-4A48-877B-1272F4D3D226}.Debug|Any CPU.ActiveCfg = Debug|Any CPU
		{A4036CCF-F8C8-4A48-877B-1272F4D3D226}.Debug|Any CPU.Build.0 = Debug|Any CPU
		{A4036CCF-F8C8-4A48-877B-1272F4D3D226}.Release|Any CPU.ActiveCfg = Release|Any CPU
		{A4036CCF-F8C8-4A48-877B-1272F4D3D226}.Release|Any CPU.Build.0 = Release|Any CPU
		{7A0313B4-E0D5-4544-9E4F-3F88762B4655}.Debug|Any CPU.ActiveCfg = Debug|Any CPU
		{7A0313B4-E0D5-4544-9E4F-3F88762B4655}.Debug|Any CPU.Build.0 = Debug|Any CPU
		{7A0313B4-E0D5-4544-9E4F-3F88762B4655}.Release|Any CPU.ActiveCfg = Release|Any CPU
		{7A0313B4-E0D5-4544-9E4F-3F88762B4655}.Release|Any CPU.Build.0 = Release|Any CPU
		{29721F37-0A6E-4CE8-A3B2-9C7056C498C2}.Debug|Any CPU.ActiveCfg = Debug|Any CPU
		{29721F37-0A6E-4CE8-A3B2-9C7056C498C2}.Debug|Any CPU.Build.0 = Debug|Any CPU
		{29721F37-0A6E-4CE8-A3B2-9C7056C498C2}.Release|Any CPU.ActiveCfg = Release|Any CPU
		{29721F37-0A6E-4CE8-A3B2-9C7056C498C2}.Release|Any CPU.Build.0 = Release|Any CPU
		{B22CE904-5862-4510-9577-BE59944A41E7}.Debug|Any CPU.ActiveCfg = Debug|Any CPU
		{B22CE904-5862-4510-9577-BE59944A41E7}.Debug|Any CPU.Build.0 = Debug|Any CPU
		{B22CE904-5862-4510-9577-BE59944A41E7}.Release|Any CPU.ActiveCfg = Release|Any CPU
		{B22CE904-5862-4510-9577-BE59944A41E7}.Release|Any CPU.Build.0 = Release|Any CPU
	EndGlobalSection
	GlobalSection(SolutionProperties) = preSolution
		HideSolutionNode = FALSE
	EndGlobalSection
	GlobalSection(NestedProjects) = preSolution
		{3C0A582C-7A1D-411B-B76C-7DC264D44311} = {5703CF24-ECE6-4D45-9AE1-2447073CC2DF}
		{625793E3-0829-4350-BA7E-9929583B24D0} = {5703CF24-ECE6-4D45-9AE1-2447073CC2DF}
		{1DFE6BB0-ABB9-4D48-BEC1-02451DA8FD11} = {5703CF24-ECE6-4D45-9AE1-2447073CC2DF}
		{37D6BED8-E191-4020-BC9D-FB3C2CAFF965} = {5703CF24-ECE6-4D45-9AE1-2447073CC2DF}
		{BFA2EF53-909C-4AD8-9AD5-B2D66C3CB923} = {5703CF24-ECE6-4D45-9AE1-2447073CC2DF}
		{B9809613-41C6-4AD2-8F5C-A87B7BF0056D} = {FF776DE7-CCF9-42C4-82EB-D9C78A00F63A}
		{2D8AEB65-879A-4C6B-8ABA-5447F5F95A0D} = {FF776DE7-CCF9-42C4-82EB-D9C78A00F63A}
		{E82CB15C-41F9-49C5-A4F6-661009FB1BFF} = {FF776DE7-CCF9-42C4-82EB-D9C78A00F63A}
		{24E723EA-E088-4D77-AB9A-63593EB7D861} = {FF776DE7-CCF9-42C4-82EB-D9C78A00F63A}
		{C22791F3-25B5-411D-8837-7AFB7D349119} = {FF776DE7-CCF9-42C4-82EB-D9C78A00F63A}
		{7191F1C0-950F-4664-AA38-CE035AEF2AE6} = {02E97579-2896-4EF0-A4D1-74B7A7D28F37}
		{415AAF61-423C-4500-AA14-B28AEB886616} = {02E97579-2896-4EF0-A4D1-74B7A7D28F37}
		{86490882-B4C1-4756-8054-FFF6630A63F7} = {02E97579-2896-4EF0-A4D1-74B7A7D28F37}
		{7D2F1FAA-6961-4B5E-AA21-1CCE4A888433} = {02E97579-2896-4EF0-A4D1-74B7A7D28F37}
		{9CE02554-0197-45BC-B27C-504F95ADADC0} = {0F4AED38-D1A5-4F6F-BAD6-8B7928D85D2B}
		{A4036CCF-F8C8-4A48-877B-1272F4D3D226} = {0F4AED38-D1A5-4F6F-BAD6-8B7928D85D2B}
		{7A0313B4-E0D5-4544-9E4F-3F88762B4655} = {0F4AED38-D1A5-4F6F-BAD6-8B7928D85D2B}
		{29721F37-0A6E-4CE8-A3B2-9C7056C498C2} = {0F4AED38-D1A5-4F6F-BAD6-8B7928D85D2B}
		{B22CE904-5862-4510-9577-BE59944A41E7} = {815FF351-8E50-45BD-857D-31F71A30C8E8}
	EndGlobalSection
	GlobalSection(ExtensibilityGlobals) = postSolution
		SolutionGuid = {DA0972F7-FE16-4B20-91B1-720B4F7B67D2}
	EndGlobalSection
EndGlobal
